
Microsoft Visual Studio Solution File, Format Version 12.00
# Visual Studio Version 17
VisualStudioVersion = 17.1.32210.238
MinimumVisualStudioVersion = 10.0.40219.1
Project("{FAE04EC0-301F-11D3-BF4B-00C04F79EFBC}") = "User", "User\User.csproj", "{C37DDA29-F975-41C2-A3DB-0937A42E934E}"
EndProject
Global
	GlobalSection(SolutionConfigurationPlatforms) = preSolution
		Debug|Any CPU = Debug|Any CPU
		Release|Any CPU = Release|Any CPU
	EndGlobalSection
	GlobalSection(ProjectConfigurationPlatforms) = postSolution
		{C37DDA29-F975-41C2-A3DB-0937A42E934E}.Debug|Any CPU.ActiveCfg = Debug|Any CPU
		{C37DDA29-F975-41C2-A3DB-0937A42E934E}.Debug|Any CPU.Build.0 = Debug|Any CPU
		{C37DDA29-F975-41C2-A3DB-0937A42E934E}.Release|Any CPU.ActiveCfg = Release|Any CPU
		{C37DDA29-F975-41C2-A3DB-0937A42E934E}.Release|Any CPU.Build.0 = Release|Any CPU
	EndGlobalSection
	GlobalSection(SolutionProperties) = preSolution
		HideSolutionNode = FALSE
	EndGlobalSection
	GlobalSection(ExtensibilityGlobals) = postSolution
		SolutionGuid = {6D7E75E6-661B-4FC6-B0FB-518EDFF52E64}
	EndGlobalSection
EndGlobal
